
Microsoft Visual Studio Solution File, Format Version 12.00
# Visual Studio 14
VisualStudioVersion = 14.0.25420.1
MinimumVisualStudioVersion = 10.0.40219.1
Project("{FAE04EC0-301F-11D3-BF4B-00C04F79EFBC}") = "FORECAST_QUATITY_UI", "FORECAST_QUATITY_UI\FORECAST_QUATITY_UI.csproj", "{DE6EA7C1-352C-4B59-A853-E9A0CD0FA283}"
EndProject
Project("{FAE04EC0-301F-11D3-BF4B-00C04F79EFBC}") = "FORECAST_QUANTITY_BLL", "FORECAST_QUANTITY_BLL\FORECAST_QUANTITY_BLL.csproj", "{80633CE0-8106-4553-B72D-DDB661C007F0}"
EndProject
Project("{FAE04EC0-301F-11D3-BF4B-00C04F79EFBC}") = "FORECAST_QUANTITY_DAL", "FORECAST_QUANTITY_DAL\FORECAST_QUANTITY_DAL.csproj", "{4597E0BA-BB37-423E-9B41-32FB6B109FF5}"
EndProject
Project("{FAE04EC0-301F-11D3-BF4B-00C04F79EFBC}") = "FORECAST_QUANTITY_DTO", "FORECAST_QUANTITY_DTO\FORECAST_QUANTITY_DTO.csproj", "{0A2F2251-C25E-4E16-8C18-91736D8E28EE}"
EndProject
Global
	GlobalSection(SolutionConfigurationPlatforms) = preSolution
		Debug|Any CPU = Debug|Any CPU
		Release|Any CPU = Release|Any CPU
	EndGlobalSection
	GlobalSection(ProjectConfigurationPlatforms) = postSolution
		{DE6EA7C1-352C-4B59-A853-E9A0CD0FA283}.Debug|Any CPU.ActiveCfg = Debug|Any CPU
		{DE6EA7C1-352C-4B59-A853-E9A0CD0FA283}.Debug|Any CPU.Build.0 = Debug|Any CPU
		{DE6EA7C1-352C-4B59-A853-E9A0CD0FA283}.Release|Any CPU.ActiveCfg = Release|Any CPU
		{DE6EA7C1-352C-4B59-A853-E9A0CD0FA283}.Release|Any CPU.Build.0 = Release|Any CPU
		{80633CE0-8106-4553-B72D-DDB661C007F0}.Debug|Any CPU.ActiveCfg = Debug|Any CPU
		{80633CE0-8106-4553-B72D-DDB661C007F0}.Debug|Any CPU.Build.0 = Debug|Any CPU
		{80633CE0-8106-4553-B72D-DDB661C007F0}.Release|Any CPU.ActiveCfg = Release|Any CPU
		{80633CE0-8106-4553-B72D-DDB661C007F0}.Release|Any CPU.Build.0 = Release|Any CPU
		{4597E0BA-BB37-423E-9B41-32FB6B109FF5}.Debug|Any CPU.ActiveCfg = Debug|Any CPU
		{4597E0BA-BB37-423E-9B41-32FB6B109FF5}.Debug|Any CPU.Build.0 = Debug|Any CPU
		{4597E0BA-BB37-423E-9B41-32FB6B109FF5}.Release|Any CPU.ActiveCfg = Release|Any CPU
		{4597E0BA-BB37-423E-9B41-32FB6B109FF5}.Release|Any CPU.Build.0 = Release|Any CPU
		{0A2F2251-C25E-4E16-8C18-91736D8E28EE}.Debug|Any CPU.ActiveCfg = Debug|Any CPU
		{0A2F2251-C25E-4E16-8C18-91736D8E28EE}.Debug|Any CPU.Build.0 = Debug|Any CPU
		{0A2F2251-C25E-4E16-8C18-91736D8E28EE}.Release|Any CPU.ActiveCfg = Release|Any CPU
		{0A2F2251-C25E-4E16-8C18-91736D8E28EE}.Release|Any CPU.Build.0 = Release|Any CPU
	EndGlobalSection
	GlobalSection(SolutionProperties) = preSolution
		HideSolutionNode = FALSE
	EndGlobalSection
EndGlobal
